
Microsoft Visual Studio Solution File, Format Version 12.00
# Visual Studio Version 17
VisualStudioVersion = 17.2.32516.85
MinimumVisualStudioVersion = 10.0.40219.1
Project("{FAE04EC0-301F-11D3-BF4B-00C04F79EFBC}") = "Pre_aceleracion_Rodrigo_Roman", "Pre_aceleracion_Rodrigo_Roman\Pre_aceleracion_Rodrigo_Roman.csproj", "{8AA82F2B-1F5B-4092-ADDF-7725F9CC4DA9}"
EndProject
Global
	GlobalSection(SolutionConfigurationPlatforms) = preSolution
		Debug|Any CPU = Debug|Any CPU
		Release|Any CPU = Release|Any CPU
	EndGlobalSection
	GlobalSection(ProjectConfigurationPlatforms) = postSolution
		{8AA82F2B-1F5B-4092-ADDF-7725F9CC4DA9}.Debug|Any CPU.ActiveCfg = Debug|Any CPU
		{8AA82F2B-1F5B-4092-ADDF-7725F9CC4DA9}.Debug|Any CPU.Build.0 = Debug|Any CPU
		{8AA82F2B-1F5B-4092-ADDF-7725F9CC4DA9}.Release|Any CPU.ActiveCfg = Release|Any CPU
		{8AA82F2B-1F5B-4092-ADDF-7725F9CC4DA9}.Release|Any CPU.Build.0 = Release|Any CPU
	EndGlobalSection
	GlobalSection(SolutionProperties) = preSolution
		HideSolutionNode = FALSE
	EndGlobalSection
	GlobalSection(ExtensibilityGlobals) = postSolution
		SolutionGuid = {D96BD9A6-B210-42B4-B226-A563E9250E1E}
	EndGlobalSection
EndGlobal
